
Microsoft Visual Studio Solution File, Format Version 11.00
# Visual Studio 2010
Project("{FAE04EC0-301F-11D3-BF4B-00C04F79EFBC}") = "GPI", "GPI\GPI.csproj", "{621B5C5E-CE13-4263-AD5F-B3537B3E1368}"
EndProject
Global
	GlobalSection(SolutionConfigurationPlatforms) = preSolution
		Debug|x86 = Debug|x86
		Release|x86 = Release|x86
	EndGlobalSection
	GlobalSection(ProjectConfigurationPlatforms) = postSolution
		{621B5C5E-CE13-4263-AD5F-B3537B3E1368}.Debug|x86.ActiveCfg = Debug|x86
		{621B5C5E-CE13-4263-AD5F-B3537B3E1368}.Debug|x86.Build.0 = Debug|x86
		{621B5C5E-CE13-4263-AD5F-B3537B3E1368}.Release|x86.ActiveCfg = Release|x86
		{621B5C5E-CE13-4263-AD5F-B3537B3E1368}.Release|x86.Build.0 = Release|x86
	EndGlobalSection
	GlobalSection(SolutionProperties) = preSolution
		HideSolutionNode = FALSE
	EndGlobalSection
EndGlobal
